
Microsoft Visual Studio Solution File, Format Version 12.00
# Visual Studio 15
VisualStudioVersion = 15.0.28307.572
MinimumVisualStudioVersion = 10.0.40219.1
Project("{2150E333-8FDC-42A3-9474-1A3956D46DE8}") = "Application", "Application", "{1C7C92E7-8CFE-471B-B9CC-00B93CA3944C}"
EndProject
Project("{2150E333-8FDC-42A3-9474-1A3956D46DE8}") = "Domain", "Domain", "{734E4EDF-CD6E-4D42-AE99-9C0DC2963FC1}"
EndProject
Project("{2150E333-8FDC-42A3-9474-1A3956D46DE8}") = "Infra.Data", "Infra.Data", "{3C886DBA-B478-438A-9F6C-1D96463A2851}"
EndProject
Project("{2150E333-8FDC-42A3-9474-1A3956D46DE8}") = "Infra.IoC", "Infra.IoC", "{3DEC7D6C-0AE6-4A54-98D3-47ED4DAA76F0}"
EndProject
Project("{2150E333-8FDC-42A3-9474-1A3956D46DE8}") = "Presentation", "Presentation", "{DDA1FD9C-17B1-4DED-B6D1-4998539787B0}"
EndProject
Project("{9A19103F-16F7-4668-BE54-9A1E7A4F7556}") = "CleanArch.Mvc", "CleanArch.Mvc\CleanArch.Mvc.csproj", "{0C59EE2A-9771-4022-9899-37FCE346951C}"
EndProject
Project("{9A19103F-16F7-4668-BE54-9A1E7A4F7556}") = "CleanArch.Domain", "CleanArch.Domain\CleanArch.Domain.csproj", "{EE7760F1-628B-4D09-B1CF-5109DD0F5016}"
EndProject
Project("{9A19103F-16F7-4668-BE54-9A1E7A4F7556}") = "CleanArch.Infra.Data", "CleanArch.Infra.Data\CleanArch.Infra.Data.csproj", "{BA10CF56-F55E-4CAD-A669-3A55FA99B115}"
EndProject
Project("{9A19103F-16F7-4668-BE54-9A1E7A4F7556}") = "CleanArch.Application", "CleanArch.Application\CleanArch.Application.csproj", "{C9C625C8-2C2A-486A-821B-266CD5D32881}"
EndProject
Project("{9A19103F-16F7-4668-BE54-9A1E7A4F7556}") = "CleanArch.Infra.IoC", "CleanArch.Infra.IoC\CleanArch.Infra.IoC.csproj", "{6FA4FB0B-9598-49CA-9ED9-94415DA1B6BB}"
EndProject
Project("{2150E333-8FDC-42A3-9474-1A3956D46DE8}") = "Infra.Bus", "Infra.Bus", "{784C2C7C-BE25-4674-96C2-3B8F7A80CFFA}"
EndProject
Project("{2150E333-8FDC-42A3-9474-1A3956D46DE8}") = "API", "API", "{F00C0AC3-200D-4F88-801C-105A511D59DB}"
EndProject
Project("{FAE04EC0-301F-11D3-BF4B-00C04F79EFBC}") = "CleanArch.Infra.Bus", "CleanArch.Infra.Bus\CleanArch.Infra.Bus.csproj", "{A6E453CD-77E7-4548-A2CE-33844C809D8C}"
EndProject
Project("{FAE04EC0-301F-11D3-BF4B-00C04F79EFBC}") = "CleanArch.Domain.Core", "CleanArch.Domain.Core\CleanArch.Domain.Core.csproj", "{DD301CE5-DBD0-4602-8692-D69E146510AE}"
EndProject
Global
	GlobalSection(SolutionConfigurationPlatforms) = preSolution
		Debug|Any CPU = Debug|Any CPU
		Release|Any CPU = Release|Any CPU
	EndGlobalSection
	GlobalSection(ProjectConfigurationPlatforms) = postSolution
		{0C59EE2A-9771-4022-9899-37FCE346951C}.Debug|Any CPU.ActiveCfg = Debug|Any CPU
		{0C59EE2A-9771-4022-9899-37FCE346951C}.Debug|Any CPU.Build.0 = Debug|Any CPU
		{0C59EE2A-9771-4022-9899-37FCE346951C}.Release|Any CPU.ActiveCfg = Release|Any CPU
		{0C59EE2A-9771-4022-9899-37FCE346951C}.Release|Any CPU.Build.0 = Release|Any CPU
		{EE7760F1-628B-4D09-B1CF-5109DD0F5016}.Debug|Any CPU.ActiveCfg = Debug|Any CPU
		{EE7760F1-628B-4D09-B1CF-5109DD0F5016}.Debug|Any CPU.Build.0 = Debug|Any CPU
		{EE7760F1-628B-4D09-B1CF-5109DD0F5016}.Release|Any CPU.ActiveCfg = Release|Any CPU
		{EE7760F1-628B-4D09-B1CF-5109DD0F5016}.Release|Any CPU.Build.0 = Release|Any CPU
		{BA10CF56-F55E-4CAD-A669-3A55FA99B115}.Debug|Any CPU.ActiveCfg = Debug|Any CPU
		{BA10CF56-F55E-4CAD-A669-3A55FA99B115}.Debug|Any CPU.Build.0 = Debug|Any CPU
		{BA10CF56-F55E-4CAD-A669-3A55FA99B115}.Release|Any CPU.ActiveCfg = Release|Any CPU
		{BA10CF56-F55E-4CAD-A669-3A55FA99B115}.Release|Any CPU.Build.0 = Release|Any CPU
		{C9C625C8-2C2A-486A-821B-266CD5D32881}.Debug|Any CPU.ActiveCfg = Debug|Any CPU
		{C9C625C8-2C2A-486A-821B-266CD5D32881}.Debug|Any CPU.Build.0 = Debug|Any CPU
		{C9C625C8-2C2A-486A-821B-266CD5D32881}.Release|Any CPU.ActiveCfg = Release|Any CPU
		{C9C625C8-2C2A-486A-821B-266CD5D32881}.Release|Any CPU.Build.0 = Release|Any CPU
		{6FA4FB0B-9598-49CA-9ED9-94415DA1B6BB}.Debug|Any CPU.ActiveCfg = Debug|Any CPU
		{6FA4FB0B-9598-49CA-9ED9-94415DA1B6BB}.Debug|Any CPU.Build.0 = Debug|Any CPU
		{6FA4FB0B-9598-49CA-9ED9-94415DA1B6BB}.Release|Any CPU.ActiveCfg = Release|Any CPU
		{6FA4FB0B-9598-49CA-9ED9-94415DA1B6BB}.Release|Any CPU.Build.0 = Release|Any CPU
		{A6E453CD-77E7-4548-A2CE-33844C809D8C}.Debug|Any CPU.ActiveCfg = Debug|Any CPU
		{A6E453CD-77E7-4548-A2CE-33844C809D8C}.Debug|Any CPU.Build.0 = Debug|Any CPU
		{A6E453CD-77E7-4548-A2CE-33844C809D8C}.Release|Any CPU.ActiveCfg = Release|Any CPU
		{A6E453CD-77E7-4548-A2CE-33844C809D8C}.Release|Any CPU.Build.0 = Release|Any CPU
		{DD301CE5-DBD0-4602-8692-D69E146510AE}.Debug|Any CPU.ActiveCfg = Debug|Any CPU
		{DD301CE5-DBD0-4602-8692-D69E146510AE}.Debug|Any CPU.Build.0 = Debug|Any CPU
		{DD301CE5-DBD0-4602-8692-D69E146510AE}.Release|Any CPU.ActiveCfg = Release|Any CPU
		{DD301CE5-DBD0-4602-8692-D69E146510AE}.Release|Any CPU.Build.0 = Release|Any CPU
	EndGlobalSection
	GlobalSection(SolutionProperties) = preSolution
		HideSolutionNode = FALSE
	EndGlobalSection
	GlobalSection(NestedProjects) = preSolution
		{0C59EE2A-9771-4022-9899-37FCE346951C} = {DDA1FD9C-17B1-4DED-B6D1-4998539787B0}
		{EE7760F1-628B-4D09-B1CF-5109DD0F5016} = {734E4EDF-CD6E-4D42-AE99-9C0DC2963FC1}
		{BA10CF56-F55E-4CAD-A669-3A55FA99B115} = {3C886DBA-B478-438A-9F6C-1D96463A2851}
		{C9C625C8-2C2A-486A-821B-266CD5D32881} = {1C7C92E7-8CFE-471B-B9CC-00B93CA3944C}
		{6FA4FB0B-9598-49CA-9ED9-94415DA1B6BB} = {3DEC7D6C-0AE6-4A54-98D3-47ED4DAA76F0}
		{A6E453CD-77E7-4548-A2CE-33844C809D8C} = {784C2C7C-BE25-4674-96C2-3B8F7A80CFFA}
		{DD301CE5-DBD0-4602-8692-D69E146510AE} = {734E4EDF-CD6E-4D42-AE99-9C0DC2963FC1}
	EndGlobalSection
	GlobalSection(ExtensibilityGlobals) = postSolution
		SolutionGuid = {723B2AB9-6987-4A32-91D4-17AC3EB864C5}
	EndGlobalSection
EndGlobal
